// !$*UTF8*$!
{
	archiveVersion = 1;
	classes = {
	};
	objectVersion = 77;
	objects = {

/* Begin PBXBuildFile section */
		551683DB2F7BF9780031E58C /* claude.md in Resources */ = {isa = PBXBuildFile; fileRef = 551683DA2F7BF9760031E58C /* claude.md */; };
		551683DD2F7BF9EE0031E58C /* ARCHITECTURE.md in Resources */ = {isa = PBXBuildFile; fileRef = 551683DC2F7BF9EE0031E58C /* ARCHITECTURE.md */; };
		551683DF2F7BF9EE0031E58C /* PROGRESS.md in Resources */ = {isa = PBXBuildFile; fileRef = 551683DE2F7BF9EE0031E58C /* PROGRESS.md */; };
		551683E12F7BF9EF0031E58C /* UX.md in Resources */ = {isa = PBXBuildFile; fileRef = 551683E02F7BF9EF0031E58C /* UX.md */; };
		5516842D2F7DE4B30031E58C /* LICENSE in Resources */ = {isa = PBXBuildFile; fileRef = 5516842C2F7DE4B30031E58C /* LICENSE */; };
		5516842E2F7DE4B30031E58C /* LICENSE in Resources */ = {isa = PBXBuildFile; fileRef = 5516842C2F7DE4B30031E58C /* LICENSE */; };
		5516842F2F7DE4B30031E58C /* LICENSE in Resources */ = {isa = PBXBuildFile; fileRef = 5516842C2F7DE4B30031E58C /* LICENSE */; };
/* End PBXBuildFile section */

/* Begin PBXContainerItemProxy section */
		551683BE2F7BF8990031E58C /* PBXContainerItemProxy */ = {
			isa = PBXContainerItemProxy;
			containerPortal = 551683A62F7BF8980031E58C /* Project object */;
			proxyType = 1;
			remoteGlobalIDString = 551683AD2F7BF8980031E58C;
			remoteInfo = "Transmission Remote";
		};
		551683C82F7BF8990031E58C /* PBXContainerItemProxy */ = {
			isa = PBXContainerItemProxy;
			containerPortal = 551683A62F7BF8980031E58C /* Project object */;
			proxyType = 1;
			remoteGlobalIDString = 551683AD2F7BF8980031E58C;
			remoteInfo = "Transmission Remote";
		};
/* End PBXContainerItemProxy section */

/* Begin PBXFileReference section */
		551683AE2F7BF8980031E58C /* Uplink.app */ = {isa = PBXFileReference; explicitFileType = wrapper.application; includeInIndex = 0; path = Uplink.app; sourceTree = BUILT_PRODUCTS_DIR; };
		551683BD2F7BF8990031E58C /* UplinkTests.xctest */ = {isa = PBXFileReference; explicitFileType = wrapper.cfbundle; includeInIndex = 0; path = UplinkTests.xctest; sourceTree = BUILT_PRODUCTS_DIR; };
		551683C72F7BF8990031E58C /* UplinkUITests.xctest */ = {isa = PBXFileReference; explicitFileType = wrapper.cfbundle; includeInIndex = 0; path = UplinkUITests.xctest; sourceTree = BUILT_PRODUCTS_DIR; };
		551683DA2F7BF9760031E58C /* claude.md */ = {isa = PBXFileReference; lastKnownFileType = net.daringfireball.markdown; path = claude.md; sourceTree = "<group>"; };
		551683DC2F7BF9EE0031E58C /* ARCHITECTURE.md */ = {isa = PBXFileReference; lastKnownFileType = net.daringfireball.markdown; path = ARCHITECTURE.md; sourceTree = "<group>"; };
		551683DE2F7BF9EE0031E58C /* PROGRESS.md */ = {isa = PBXFileReference; lastKnownFileType = net.daringfireball.markdown; path = PROGRESS.md; sourceTree = "<group>"; };
		551683E02F7BF9EF0031E58C /* UX.md */ = {isa = PBXFileReference; lastKnownFileType = net.daringfireball.markdown; path = UX.md; sourceTree = "<group>"; };
		5516842C2F7DE4B30031E58C /* LICENSE */ = {isa = PBXFileReference; lastKnownFileType = text; path = LICENSE; sourceTree = "<group>"; };
/* End PBXFileReference section */

/* Begin PBXFileSystemSynchronizedRootGroup section */
		551683B02F7BF8980031E58C /* Uplink */ = {
			isa = PBXFileSystemSynchronizedRootGroup;
			path = Uplink;
			sourceTree = "<group>";
		};
		551683C02F7BF8990031E58C /* UplinkTests */ = {
			isa = PBXFileSystemSynchronizedRootGroup;
			path = UplinkTests;
			sourceTree = "<group>";
		};
		551683CA2F7BF8990031E58C /* UplinkUITests */ = {
			isa = PBXFileSystemSynchronizedRootGroup;
			path = UplinkUITests;
			sourceTree = "<group>";
		};
/* End PBXFileSystemSynchronizedRootGroup section */

/* Begin PBXFrameworksBuildPhase section */
		551683AB2F7BF8980031E58C /* Frameworks */ = {
			isa = PBXFrameworksBuildPhase;
			buildActionMask = 2147483647;
			files = (
			);
			runOnlyForDeploymentPostprocessing = 0;
		};
		551683BA2F7BF8990031E58C /* Frameworks */ = {
			isa = PBXFrameworksBuildPhase;
			buildActionMask = 2147483647;
			files = (
			);
			runOnlyForDeploymentPostprocessing = 0;
		};
		551683C42F7BF8990031E58C /* Frameworks */ = {
			isa = PBXFrameworksBuildPhase;
			buildActionMask = 2147483647;
			files = (
			);
			runOnlyForDeploymentPostprocessing = 0;
		};
/* End PBXFrameworksBuildPhase section */

/* Begin PBXGroup section */
		551683A52F7BF8980031E58C = {
			isa = PBXGroup;
			children = (
				5516842C2F7DE4B30031E58C /* LICENSE */,
				551683DA2F7BF9760031E58C /* claude.md */,
				551683B02F7BF8980031E58C /* Uplink */,
				551683C02F7BF8990031E58C /* UplinkTests */,
				551683CA2F7BF8990031E58C /* UplinkUITests */,
				551683AF2F7BF8980031E58C /* Products */,
				551683DC2F7BF9EE0031E58C /* ARCHITECTURE.md */,
				551683DE2F7BF9EE0031E58C /* PROGRESS.md */,
				551683E02F7BF9EF0031E58C /* UX.md */,
			);
			sourceTree = "<group>";
		};
		551683AF2F7BF8980031E58C /* Products */ = {
			isa = PBXGroup;
			children = (
				551683AE2F7BF8980031E58C /* Uplink.app */,
				551683BD2F7BF8990031E58C /* UplinkTests.xctest */,
				551683C72F7BF8990031E58C /* UplinkUITests.xctest */,
			);
			name = Products;
			sourceTree = "<group>";
		};
/* End PBXGroup section */

/* Begin PBXNativeTarget section */
		551683AD2F7BF8980031E58C /* Uplink */ = {
			isa = PBXNativeTarget;
			buildConfigurationList = 551683D12F7BF8990031E58C /* Build configuration list for PBXNativeTarget "Uplink" */;
			buildPhases = (
				551683AA2F7BF8980031E58C /* Sources */,
				551683AB2F7BF8980031E58C /* Frameworks */,
				551683AC2F7BF8980031E58C /* Resources */,
			);
			buildRules = (
			);
			dependencies = (
			);
			fileSystemSynchronizedGroups = (
				551683B02F7BF8980031E58C /* Uplink */,
			);
			name = Uplink;
			packageProductDependencies = (
			);
			productName = "Transmission Remote";
			productReference = 551683AE2F7BF8980031E58C /* Uplink.app */;
			productType = "com.apple.product-type.application";
		};
		551683BC2F7BF8990031E58C /* UplinkTests */ = {
			isa = PBXNativeTarget;
			buildConfigurationList = 551683D42F7BF8990031E58C /* Build configuration list for PBXNativeTarget "UplinkTests" */;
			buildPhases = (
				551683B92F7BF8990031E58C /* Sources */,
				551683BA2F7BF8990031E58C /* Frameworks */,
				551683BB2F7BF8990031E58C /* Resources */,
			);
			buildRules = (
			);
			dependencies = (
				551683BF2F7BF8990031E58C /* PBXTargetDependency */,
			);
			fileSystemSynchronizedGroups = (
				551683C02F7BF8990031E58C /* UplinkTests */,
			);
			name = UplinkTests;
			packageProductDependencies = (
			);
			productName = "Transmission RemoteTests";
			productReference = 551683BD2F7BF8990031E58C /* UplinkTests.xctest */;
			productType = "com.apple.product-type.bundle.unit-test";
		};
		551683C62F7BF8990031E58C /* UplinkUITests */ = {
			isa = PBXNativeTarget;
			buildConfigurationList = 551683D72F7BF8990031E58C /* Build configuration list for PBXNativeTarget "UplinkUITests" */;
			buildPhases = (
				551683C32F7BF8990031E58C /* Sources */,
				551683C42F7BF8990031E58C /* Frameworks */,
				551683C52F7BF8990031E58C /* Resources */,
			);
			buildRules = (
			);
			dependencies = (
				551683C92F7BF8990031E58C /* PBXTargetDependency */,
			);
			fileSystemSynchronizedGroups = (
				551683CA2F7BF8990031E58C /* UplinkUITests */,
			);
			name = UplinkUITests;
			packageProductDependencies = (
			);
			productName = "Transmission RemoteUITests";
			productReference = 551683C72F7BF8990031E58C /* UplinkUITests.xctest */;
			productType = "com.apple.product-type.bundle.ui-testing";
		};
/* End PBXNativeTarget section */

/* Begin PBXProject section */
		551683A62F7BF8980031E58C /* Project object */ = {
			isa = PBXProject;
			attributes = {
				BuildIndependentTargetsInParallel = 1;
				LastSwiftUpdateCheck = 2630;
				LastUpgradeCheck = 2630;
				TargetAttributes = {
					551683AD2F7BF8980031E58C = {
						CreatedOnToolsVersion = 26.3;
					};
					551683BC2F7BF8990031E58C = {
						CreatedOnToolsVersion = 26.3;
						TestTargetID = 551683AD2F7BF8980031E58C;
					};
					551683C62F7BF8990031E58C = {
						CreatedOnToolsVersion = 26.3;
						TestTargetID = 551683AD2F7BF8980031E58C;
					};
				};
			};
			buildConfigurationList = 551683A92F7BF8980031E58C /* Build configuration list for PBXProject "Uplink" */;
			developmentRegion = en;
			hasScannedForEncodings = 0;
			knownRegions = (
				en,
				Base,
			);
			mainGroup = 551683A52F7BF8980031E58C;
			minimizedProjectReferenceProxies = 1;
			preferredProjectObjectVersion = 77;
			productRefGroup = 551683AF2F7BF8980031E58C /* Products */;
			projectDirPath = "";
			projectRoot = "";
			targets = (
				551683AD2F7BF8980031E58C /* Uplink */,
				551683BC2F7BF8990031E58C /* UplinkTests */,
				551683C62F7BF8990031E58C /* UplinkUITests */,
			);
		};
/* End PBXProject section */

/* Begin PBXResourcesBuildPhase section */
		551683AC2F7BF8980031E58C /* Resources */ = {
			isa = PBXResourcesBuildPhase;
			buildActionMask = 2147483647;
			files = (
				551683DB2F7BF9780031E58C /* claude.md in Resources */,
				5516842F2F7DE4B30031E58C /* LICENSE in Resources */,
				551683DD2F7BF9EE0031E58C /* ARCHITECTURE.md in Resources */,
				551683E12F7BF9EF0031E58C /* UX.md in Resources */,
				551683DF2F7BF9EE0031E58C /* PROGRESS.md in Resources */,
			);
			runOnlyForDeploymentPostprocessing = 0;
		};
		551683BB2F7BF8990031E58C /* Resources */ = {
			isa = PBXResourcesBuildPhase;
			buildActionMask = 2147483647;
			files = (
				5516842E2F7DE4B30031E58C /* LICENSE in Resources */,
			);
			runOnlyForDeploymentPostprocessing = 0;
		};
		551683C52F7BF8990031E58C /* Resources */ = {
			isa = PBXResourcesBuildPhase;
			buildActionMask = 2147483647;
			files = (
				5516842D2F7DE4B30031E58C /* LICENSE in Resources */,
			);
			runOnlyForDeploymentPostprocessing = 0;
		};
/* End PBXResourcesBuildPhase section */

/* Begin PBXSourcesBuildPhase section */
		551683AA2F7BF8980031E58C /* Sources */ = {
			isa = PBXSourcesBuildPhase;
			buildActionMask = 2147483647;
			files = (
			);
			runOnlyForDeploymentPostprocessing = 0;
		};
		551683B92F7BF8990031E58C /* Sources */ = {
			isa = PBXSourcesBuildPhase;
			buildActionMask = 2147483647;
			files = (
			);
			runOnlyForDeploymentPostprocessing = 0;
		};
		551683C32F7BF8990031E58C /* Sources */ = {
			isa = PBXSourcesBuildPhase;
			buildActionMask = 2147483647;
			files = (
			);
			runOnlyForDeploymentPostprocessing = 0;
		};
/* End PBXSourcesBuildPhase section */

/* Begin PBXTargetDependency section */
		551683BF2F7BF8990031E58C /* PBXTargetDependency */ = {
			isa = PBXTargetDependency;
			target = 551683AD2F7BF8980031E58C /* Uplink */;
			targetProxy = 551683BE2F7BF8990031E58C /* PBXContainerItemProxy */;
		};
		551683C92F7BF8990031E58C /* PBXTargetDependency */ = {
			isa = PBXTargetDependency;
			target = 551683AD2F7BF8980031E58C /* Uplink */;
			targetProxy = 551683C82F7BF8990031E58C /* PBXContainerItemProxy */;
		};
/* End PBXTargetDependency section */

/* Begin XCBuildConfiguration section */
		551683CF2F7BF8990031E58C /* Debug */ = {
			isa = XCBuildConfiguration;
			buildSettings = {
				ALWAYS_SEARCH_USER_PATHS = NO;
				ASSETCATALOG_COMPILER_GENERATE_SWIFT_ASSET_SYMBOL_EXTENSIONS = YES;
				CLANG_ANALYZER_NONNULL = YES;
				CLANG_ANALYZER_NUMBER_OBJECT_CONVERSION = YES_AGGRESSIVE;
				CLANG_CXX_LANGUAGE_STANDARD = "gnu++20";
				CLANG_ENABLE_MODULES = YES;
				CLANG_ENABLE_OBJC_ARC = YES;
				CLANG_ENABLE_OBJC_WEAK = YES;
				CLANG_WARN_BLOCK_CAPTURE_AUTORELEASING = YES;
				CLANG_WARN_BOOL_CONVERSION = YES;
				CLANG_WARN_COMMA = YES;
				CLANG_WARN_CONSTANT_CONVERSION = YES;
				CLANG_WARN_DEPRECATED_OBJC_IMPLEMENTATIONS = YES;
				CLANG_WARN_DIRECT_OBJC_ISA_USAGE = YES_ERROR;
				CLANG_WARN_DOCUMENTATION_COMMENTS = YES;
				CLANG_WARN_EMPTY_BODY = YES;
				CLANG_WARN_ENUM_CONVERSION = YES;
				CLANG_WARN_INFINITE_RECURSION = YES;
				CLANG_WARN_INT_CONVERSION = YES;
				CLANG_WARN_NON_LITERAL_NULL_CONVERSION = YES;
				CLANG_WARN_OBJC_IMPLICIT_RETAIN_SELF = YES;
				CLANG_WARN_OBJC_LITERAL_CONVERSION = YES;
				CLANG_WARN_OBJC_ROOT_CLASS = YES_ERROR;
				CLANG_WARN_QUOTED_INCLUDE_IN_FRAMEWORK_HEADER = YES;
				CLANG_WARN_RANGE_LOOP_ANALYSIS = YES;
				CLANG_WARN_STRICT_PROTOTYPES = YES;
				CLANG_WARN_SUSPICIOUS_MOVE = YES;
				CLANG_WARN_UNGUARDED_AVAILABILITY = YES_AGGRESSIVE;
				CLANG_WARN_UNREACHABLE_CODE = YES;
				CLANG_WARN__DUPLICATE_METHOD_MATCH = YES;
				COPY_PHASE_STRIP = NO;
				DEBUG_INFORMATION_FORMAT = dwarf;
				DEVELOPMENT_TEAM = 8BG7NG5PKD;
				ENABLE_STRICT_OBJC_MSGSEND = YES;
				ENABLE_TESTABILITY = YES;
				ENABLE_USER_SCRIPT_SANDBOXING = YES;
				GCC_C_LANGUAGE_STANDARD = gnu17;
				GCC_DYNAMIC_NO_PIC = NO;
				GCC_NO_COMMON_BLOCKS = YES;
				GCC_OPTIMIZATION_LEVEL = 0;
				GCC_PREPROCESSOR_DEFINITIONS = (
					"DEBUG=1",
					"$(inherited)",
				);
				GCC_WARN_64_TO_32_BIT_CONVERSION = YES;
				GCC_WARN_ABOUT_RETURN_TYPE = YES_ERROR;
				GCC_WARN_UNDECLARED_SELECTOR = YES;
				GCC_WARN_UNINITIALIZED_AUTOS = YES_AGGRESSIVE;
				GCC_WARN_UNUSED_FUNCTION = YES;
				GCC_WARN_UNUSED_VARIABLE = YES;
				INFOPLIST_FILE = "Transmission Remote/Info.plist";
				LOCALIZATION_PREFERS_STRING_CATALOGS = YES;
				MACOSX_DEPLOYMENT_TARGET = 26.2;
				MTL_ENABLE_DEBUG_INFO = INCLUDE_SOURCE;
				MTL_FAST_MATH = YES;
				ONLY_ACTIVE_ARCH = YES;
				SDKROOT = macosx;
				SWIFT_ACTIVE_COMPILATION_CONDITIONS = "DEBUG $(inherited)";
				SWIFT_OPTIMIZATION_LEVEL = "-Onone";
			};
			name = Debug;
		};
		551683D02F7BF8990031E58C /* Release */ = {
			isa = XCBuildConfiguration;
			buildSettings = {
				ALWAYS_SEARCH_USER_PATHS = NO;
				ASSETCATALOG_COMPILER_GENERATE_SWIFT_ASSET_SYMBOL_EXTENSIONS = YES;
				CLANG_ANALYZER_NONNULL = YES;
				CLANG_ANALYZER_NUMBER_OBJECT_CONVERSION = YES_AGGRESSIVE;
				CLANG_CXX_LANGUAGE_STANDARD = "gnu++20";
				CLANG_ENABLE_MODULES = YES;
				CLANG_ENABLE_OBJC_ARC = YES;
				CLANG_ENABLE_OBJC_WEAK = YES;
				CLANG_WARN_BLOCK_CAPTURE_AUTORELEASING = YES;
				CLANG_WARN_BOOL_CONVERSION = YES;
				CLANG_WARN_COMMA = YES;
				CLANG_WARN_CONSTANT_CONVERSION = YES;
				CLANG_WARN_DEPRECATED_OBJC_IMPLEMENTATIONS = YES;
				CLANG_WARN_DIRECT_OBJC_ISA_USAGE = YES_ERROR;
				CLANG_WARN_DOCUMENTATION_COMMENTS = YES;
				CLANG_WARN_EMPTY_BODY = YES;
				CLANG_WARN_ENUM_CONVERSION = YES;
				CLANG_WARN_INFINITE_RECURSION = YES;
				CLANG_WARN_INT_CONVERSION = YES;
				CLANG_WARN_NON_LITERAL_NULL_CONVERSION = YES;
				CLANG_WARN_OBJC_IMPLICIT_RETAIN_SELF = YES;
				CLANG_WARN_OBJC_LITERAL_CONVERSION = YES;
				CLANG_WARN_OBJC_ROOT_CLASS = YES_ERROR;
				CLANG_WARN_QUOTED_INCLUDE_IN_FRAMEWORK_HEADER = YES;
				CLANG_WARN_RANGE_LOOP_ANALYSIS = YES;
				CLANG_WARN_STRICT_PROTOTYPES = YES;
				CLANG_WARN_SUSPICIOUS_MOVE = YES;
				CLANG_WARN_UNGUARDED_AVAILABILITY = YES_AGGRESSIVE;
				CLANG_WARN_UNREACHABLE_CODE = YES;
				CLANG_WARN__DUPLICATE_METHOD_MATCH = YES;
				COPY_PHASE_STRIP = NO;
				DEBUG_INFORMATION_FORMAT = "dwarf-with-dsym";
				DEVELOPMENT_TEAM = 8BG7NG5PKD;
				ENABLE_NS_ASSERTIONS = NO;
				ENABLE_STRICT_OBJC_MSGSEND = YES;
				ENABLE_USER_SCRIPT_SANDBOXING = YES;
				GCC_C_LANGUAGE_STANDARD = gnu17;
				GCC_NO_COMMON_BLOCKS = YES;
				GCC_WARN_64_TO_32_BIT_CONVERSION = YES;
				GCC_WARN_ABOUT_RETURN_TYPE = YES_ERROR;
				GCC_WARN_UNDECLARED_SELECTOR = YES;
				GCC_WARN_UNINITIALIZED_AUTOS = YES_AGGRESSIVE;
				GCC_WARN_UNUSED_FUNCTION = YES;
				GCC_WARN_UNUSED_VARIABLE = YES;
				INFOPLIST_FILE = "Transmission Remote/Info.plist";
				LOCALIZATION_PREFERS_STRING_CATALOGS = YES;
				MACOSX_DEPLOYMENT_TARGET = 26.2;
				MTL_ENABLE_DEBUG_INFO = NO;
				MTL_FAST_MATH = YES;
				SDKROOT = macosx;
				SWIFT_COMPILATION_MODE = wholemodule;
			};
			name = Release;
		};
		551683D22F7BF8990031E58C /* Debug */ = {
			isa = XCBuildConfiguration;
			buildSettings = {
				ASSETCATALOG_COMPILER_APPICON_NAME = AppIcon;
				ASSETCATALOG_COMPILER_GLOBAL_ACCENT_COLOR_NAME = AccentColor;
				ASSETCATALOG_COMPILER_INCLUDE_ALL_APPICON_ASSETS = YES;
				CODE_SIGN_STYLE = Automatic;
				COMBINE_HIDPI_IMAGES = YES;
				CURRENT_PROJECT_VERSION = 1;
				DEVELOPMENT_TEAM = 8BG7NG5PKD;
				ENABLE_APP_SANDBOX = YES;
				ENABLE_HARDENED_RUNTIME = YES;
				ENABLE_INCOMING_NETWORK_CONNECTIONS = NO;
				ENABLE_OUTGOING_NETWORK_CONNECTIONS = YES;
				ENABLE_PREVIEWS = YES;
				ENABLE_RESOURCE_ACCESS_AUDIO_INPUT = NO;
				ENABLE_RESOURCE_ACCESS_BLUETOOTH = NO;
				ENABLE_RESOURCE_ACCESS_CALENDARS = NO;
				ENABLE_RESOURCE_ACCESS_CAMERA = NO;
				ENABLE_RESOURCE_ACCESS_CONTACTS = NO;
				ENABLE_RESOURCE_ACCESS_LOCATION = NO;
				ENABLE_RESOURCE_ACCESS_PRINTING = NO;
				ENABLE_RESOURCE_ACCESS_USB = NO;
				ENABLE_USER_SELECTED_FILES = readwrite;
				GENERATE_INFOPLIST_FILE = YES;
				INFOPLIST_FILE = Uplink/Info.plist;
				INFOPLIST_KEY_CFBundleDisplayName = Uplink;
				INFOPLIST_KEY_LSApplicationCategoryType = "public.app-category.utilities";
				INFOPLIST_KEY_NSHumanReadableCopyright = "";
				LD_RUNPATH_SEARCH_PATHS = (
					"$(inherited)",
					"@executable_path/../Frameworks",
				);
				MARKETING_VERSION = 0.9.1;
				PRODUCT_BUNDLE_IDENTIFIER = com.stelleton.Uplink;
				PRODUCT_NAME = "$(TARGET_NAME)";
				REGISTER_APP_GROUPS = YES;
				STRING_CATALOG_GENERATE_SYMBOLS = YES;
				SWIFT_APPROACHABLE_CONCURRENCY = YES;
				SWIFT_DEFAULT_ACTOR_ISOLATION = MainActor;
				SWIFT_EMIT_LOC_STRINGS = YES;
				SWIFT_UPCOMING_FEATURE_MEMBER_IMPORT_VISIBILITY = YES;
				SWIFT_VERSION = 5.0;
			};
			name = Debug;
		};
		551683D32F7BF8990031E58C /* Release */ = {
			isa = XCBuildConfiguration;
			buildSettings = {
				ASSETCATALOG_COMPILER_APPICON_NAME = AppIcon;
				ASSETCATALOG_COMPILER_GLOBAL_ACCENT_COLOR_NAME = AccentColor;
				ASSETCATALOG_COMPILER_INCLUDE_ALL_APPICON_ASSETS = YES;
				CODE_SIGN_STYLE = Automatic;
				COMBINE_HIDPI_IMAGES = YES;
				CURRENT_PROJECT_VERSION = 1;
				DEVELOPMENT_TEAM = 8BG7NG5PKD;
				ENABLE_APP_SANDBOX = YES;
				ENABLE_HARDENED_RUNTIME = YES;
				ENABLE_INCOMING_NETWORK_CONNECTIONS = NO;
				ENABLE_OUTGOING_NETWORK_CONNECTIONS = YES;
				ENABLE_PREVIEWS = YES;
				ENABLE_RESOURCE_ACCESS_AUDIO_INPUT = NO;
				ENABLE_RESOURCE_ACCESS_BLUETOOTH = NO;
				ENABLE_RESOURCE_ACCESS_CALENDARS = NO;
				ENABLE_RESOURCE_ACCESS_CAMERA = NO;
				ENABLE_RESOURCE_ACCESS_CONTACTS = NO;
				ENABLE_RESOURCE_ACCESS_LOCATION = NO;
				ENABLE_RESOURCE_ACCESS_PRINTING = NO;
				ENABLE_RESOURCE_ACCESS_USB = NO;
				ENABLE_USER_SELECTED_FILES = readwrite;
				GENERATE_INFOPLIST_FILE = YES;
				INFOPLIST_FILE = Uplink/Info.plist;
				INFOPLIST_KEY_CFBundleDisplayName = Uplink;
				INFOPLIST_KEY_LSApplicationCategoryType = "public.app-category.utilities";
				INFOPLIST_KEY_NSHumanReadableCopyright = "";
				LD_RUNPATH_SEARCH_PATHS = (
					"$(inherited)",
					"@executable_path/../Frameworks",
				);
				MARKETING_VERSION = 0.9.1;
				PRODUCT_BUNDLE_IDENTIFIER = com.stelleton.Uplink;
				PRODUCT_NAME = "$(TARGET_NAME)";
				REGISTER_APP_GROUPS = YES;
				STRING_CATALOG_GENERATE_SYMBOLS = YES;
				SWIFT_APPROACHABLE_CONCURRENCY = YES;
				SWIFT_DEFAULT_ACTOR_ISOLATION = MainActor;
				SWIFT_EMIT_LOC_STRINGS = YES;
				SWIFT_UPCOMING_FEATURE_MEMBER_IMPORT_VISIBILITY = YES;
				SWIFT_VERSION = 5.0;
			};
			name = Release;
		};
		551683D52F7BF8990031E58C /* Debug */ = {
			isa = XCBuildConfiguration;
			buildSettings = {
				BUNDLE_LOADER = "$(TEST_HOST)";
				CODE_SIGN_STYLE = Automatic;
				CURRENT_PROJECT_VERSION = 1;
				DEVELOPMENT_TEAM = 8BG7NG5PKD;
				GENERATE_INFOPLIST_FILE = YES;
				MACOSX_DEPLOYMENT_TARGET = 26.2;
				MARKETING_VERSION = 1.0;
				PRODUCT_BUNDLE_IDENTIFIER = "com.stelleton.Transmission-RemoteTests";
				PRODUCT_NAME = "$(TARGET_NAME)";
				STRING_CATALOG_GENERATE_SYMBOLS = NO;
				SWIFT_APPROACHABLE_CONCURRENCY = YES;
				SWIFT_EMIT_LOC_STRINGS = NO;
				SWIFT_UPCOMING_FEATURE_MEMBER_IMPORT_VISIBILITY = YES;
				SWIFT_VERSION = 5.0;
				TEST_HOST = "$(BUILT_PRODUCTS_DIR)/Uplink.app/$(BUNDLE_EXECUTABLE_FOLDER_PATH)/Uplink";
			};
			name = Debug;
		};
		551683D62F7BF8990031E58C /* Release */ = {
			isa = XCBuildConfiguration;
			buildSettings = {
				BUNDLE_LOADER = "$(TEST_HOST)";
				CODE_SIGN_STYLE = Automatic;
				CURRENT_PROJECT_VERSION = 1;
				DEVELOPMENT_TEAM = 8BG7NG5PKD;
				GENERATE_INFOPLIST_FILE = YES;
				MACOSX_DEPLOYMENT_TARGET = 26.2;
				MARKETING_VERSION = 1.0;
				PRODUCT_BUNDLE_IDENTIFIER = "com.stelleton.Transmission-RemoteTests";
				PRODUCT_NAME = "$(TARGET_NAME)";
				STRING_CATALOG_GENERATE_SYMBOLS = NO;
				SWIFT_APPROACHABLE_CONCURRENCY = YES;
				SWIFT_EMIT_LOC_STRINGS = NO;
				SWIFT_UPCOMING_FEATURE_MEMBER_IMPORT_VISIBILITY = YES;
				SWIFT_VERSION = 5.0;
				TEST_HOST = "$(BUILT_PRODUCTS_DIR)/Uplink.app/$(BUNDLE_EXECUTABLE_FOLDER_PATH)/Uplink";
			};
			name = Release;
		};
		551683D82F7BF8990031E58C /* Debug */ = {
			isa = XCBuildConfiguration;
			buildSettings = {
				CODE_SIGN_STYLE = Automatic;
				CURRENT_PROJECT_VERSION = 1;
				DEVELOPMENT_TEAM = 8BG7NG5PKD;
				GENERATE_INFOPLIST_FILE = YES;
				MARKETING_VERSION = 1.0;
				PRODUCT_BUNDLE_IDENTIFIER = "com.stelleton.Transmission-RemoteUITests";
				PRODUCT_NAME = "$(TARGET_NAME)";
				STRING_CATALOG_GENERATE_SYMBOLS = NO;
				SWIFT_APPROACHABLE_CONCURRENCY = YES;
				SWIFT_EMIT_LOC_STRINGS = NO;
				SWIFT_UPCOMING_FEATURE_MEMBER_IMPORT_VISIBILITY = YES;
				SWIFT_VERSION = 5.0;
				TEST_TARGET_NAME = "Transmission Remote";
			};
			name = Debug;
		};
		551683D92F7BF8990031E58C /* Release */ = {
			isa = XCBuildConfiguration;
			buildSettings = {
				CODE_SIGN_STYLE = Automatic;
				CURRENT_PROJECT_VERSION = 1;
				DEVELOPMENT_TEAM = 8BG7NG5PKD;
				GENERATE_INFOPLIST_FILE = YES;
				MARKETING_VERSION = 1.0;
				PRODUCT_BUNDLE_IDENTIFIER = "com.stelleton.Transmission-RemoteUITests";
				PRODUCT_NAME = "$(TARGET_NAME)";
				STRING_CATALOG_GENERATE_SYMBOLS = NO;
				SWIFT_APPROACHABLE_CONCURRENCY = YES;
				SWIFT_EMIT_LOC_STRINGS = NO;
				SWIFT_UPCOMING_FEATURE_MEMBER_IMPORT_VISIBILITY = YES;
				SWIFT_VERSION = 5.0;
				TEST_TARGET_NAME = "Transmission Remote";
			};
			name = Release;
		};
/* End XCBuildConfiguration section */

/* Begin XCConfigurationList section */
		551683A92F7BF8980031E58C /* Build configuration list for PBXProject "Uplink" */ = {
			isa = XCConfigurationList;
			buildConfigurations = (
				551683CF2F7BF8990031E58C /* Debug */,
				551683D02F7BF8990031E58C /* Release */,
			);
			defaultConfigurationIsVisible = 0;
			defaultConfigurationName = Release;
		};
		551683D12F7BF8990031E58C /* Build configuration list for PBXNativeTarget "Uplink" */ = {
			isa = XCConfigurationList;
			buildConfigurations = (
				551683D22F7BF8990031E58C /* Debug */,
				551683D32F7BF8990031E58C /* Release */,
			);
			defaultConfigurationIsVisible = 0;
			defaultConfigurationName = Release;
		};
		551683D42F7BF8990031E58C /* Build configuration list for PBXNativeTarget "UplinkTests" */ = {
			isa = XCConfigurationList;
			buildConfigurations = (
				551683D52F7BF8990031E58C /* Debug */,
				551683D62F7BF8990031E58C /* Release */,
			);
			defaultConfigurationIsVisible = 0;
			defaultConfigurationName = Release;
		};
		551683D72F7BF8990031E58C /* Build configuration list for PBXNativeTarget "UplinkUITests" */ = {
			isa = XCConfigurationList;
			buildConfigurations = (
				551683D82F7BF8990031E58C /* Debug */,
				551683D92F7BF8990031E58C /* Release */,
			);
			defaultConfigurationIsVisible = 0;
			defaultConfigurationName = Release;
		};
/* End XCConfigurationList section */
	};
	rootObject = 551683A62F7BF8980031E58C /* Project object */;
}
